
Microsoft Visual Studio Solution File, Format Version 12.00
# Visual Studio Version 17
VisualStudioVersion = 17.14.36212.18 d17.14
MinimumVisualStudioVersion = 10.0.40219.1
Project("{FAE04EC0-301F-11D3-BF4B-00C04F79EFBC}") = "StreamReader-Writer", "StreamReader-Writer\StreamReader-Writer.csproj", "{79D0B4C5-CC28-4B4A-9F3C-3F77C6A1A15D}"
EndProject
Global
	GlobalSection(SolutionConfigurationPlatforms) = preSolution
		Debug|Any CPU = Debug|Any CPU
		Release|Any CPU = Release|Any CPU
	EndGlobalSection
	GlobalSection(ProjectConfigurationPlatforms) = postSolution
		{79D0B4C5-CC28-4B4A-9F3C-3F77C6A1A15D}.Debug|Any CPU.ActiveCfg = Debug|Any CPU
		{79D0B4C5-CC28-4B4A-9F3C-3F77C6A1A15D}.Debug|Any CPU.Build.0 = Debug|Any CPU
		{79D0B4C5-CC28-4B4A-9F3C-3F77C6A1A15D}.Release|Any CPU.ActiveCfg = Release|Any CPU
		{79D0B4C5-CC28-4B4A-9F3C-3F77C6A1A15D}.Release|Any CPU.Build.0 = Release|Any CPU
	EndGlobalSection
	GlobalSection(SolutionProperties) = preSolution
		HideSolutionNode = FALSE
	EndGlobalSection
	GlobalSection(ExtensibilityGlobals) = postSolution
		SolutionGuid = {27CFDD4A-FE8C-4313-9FB9-8232C252D424}
	EndGlobalSection
EndGlobal
